{
  "name": "18-modules",
  "version": "1.0.0",
  "lockfileVersion": 1,
  "requires": true,
  "dependencies": {
    "is-what": {
      "version": "4.1.0",
      "resolved": "https://registry.npmjs.org/is-what/-/is-what-4.1.0.tgz",
      "integrity": "sha512-Wg2BufzKWHw3ep6PfdGMqnxHBLPlt0kXoVmr/5dhQLrN+UOtt9CklDPrg3rYTmE2hiNpseONTUlB3hxNNjMmjQ=="
    }
  }
}
